
Microsoft Visual Studio Solution File, Format Version 12.00
Project("{FAE04EC0-301F-11D3-BF4B-00C04F79EFBC}") = "S6-CSHARP-02", "S6-CSHARP-02\S6-CSHARP-02.csproj", "{FA9609F3-37AF-4A55-AD49-544E4DD954E2}"
EndProject
Project("{FAE04EC0-301F-11D3-BF4B-00C04F79EFBC}") = "S6-CSHARP-02-Web", "S6-CSHARP-02-Web\S6-CSHARP-02-Web.csproj", "{A8AD9E95-28F4-4A86-9D84-C81047B26F7F}"
EndProject
Global
	GlobalSection(SolutionConfigurationPlatforms) = preSolution
		Debug|Any CPU = Debug|Any CPU
		Release|Any CPU = Release|Any CPU
	EndGlobalSection
	GlobalSection(ProjectConfigurationPlatforms) = postSolution
		{FA9609F3-37AF-4A55-AD49-544E4DD954E2}.Debug|Any CPU.ActiveCfg = Debug|Any CPU
		{FA9609F3-37AF-4A55-AD49-544E4DD954E2}.Debug|Any CPU.Build.0 = Debug|Any CPU
		{FA9609F3-37AF-4A55-AD49-544E4DD954E2}.Release|Any CPU.ActiveCfg = Release|Any CPU
		{FA9609F3-37AF-4A55-AD49-544E4DD954E2}.Release|Any CPU.Build.0 = Release|Any CPU
		{A8AD9E95-28F4-4A86-9D84-C81047B26F7F}.Debug|Any CPU.ActiveCfg = Debug|Any CPU
		{A8AD9E95-28F4-4A86-9D84-C81047B26F7F}.Debug|Any CPU.Build.0 = Debug|Any CPU
		{A8AD9E95-28F4-4A86-9D84-C81047B26F7F}.Release|Any CPU.ActiveCfg = Release|Any CPU
		{A8AD9E95-28F4-4A86-9D84-C81047B26F7F}.Release|Any CPU.Build.0 = Release|Any CPU
	EndGlobalSection
EndGlobal
