
Microsoft Visual Studio Solution File, Format Version 12.00
Project("{FAE04EC0-301F-11D3-BF4B-00C04F79EFBC}") = "S6-CSHARP-04-Lib", "S6-CSHARP-04-Lib\S6-CSHARP-04-Lib.csproj", "{48E81FFC-6D55-4148-BF28-F99953584CA7}"
EndProject
Project("{FAE04EC0-301F-11D3-BF4B-00C04F79EFBC}") = "S6-CSHARP-04-Web", "S6-CSHARP-04-Web\S6-CSHARP-04-Web.csproj", "{F436FA68-172D-4520-BFF8-A2D5CB3F4210}"
EndProject
Global
	GlobalSection(SolutionConfigurationPlatforms) = preSolution
		Debug|Any CPU = Debug|Any CPU
		Release|Any CPU = Release|Any CPU
	EndGlobalSection
	GlobalSection(ProjectConfigurationPlatforms) = postSolution
		{48E81FFC-6D55-4148-BF28-F99953584CA7}.Debug|Any CPU.ActiveCfg = Debug|Any CPU
		{48E81FFC-6D55-4148-BF28-F99953584CA7}.Debug|Any CPU.Build.0 = Debug|Any CPU
		{48E81FFC-6D55-4148-BF28-F99953584CA7}.Release|Any CPU.ActiveCfg = Release|Any CPU
		{48E81FFC-6D55-4148-BF28-F99953584CA7}.Release|Any CPU.Build.0 = Release|Any CPU
		{F436FA68-172D-4520-BFF8-A2D5CB3F4210}.Debug|Any CPU.ActiveCfg = Debug|Any CPU
		{F436FA68-172D-4520-BFF8-A2D5CB3F4210}.Debug|Any CPU.Build.0 = Debug|Any CPU
		{F436FA68-172D-4520-BFF8-A2D5CB3F4210}.Release|Any CPU.ActiveCfg = Release|Any CPU
		{F436FA68-172D-4520-BFF8-A2D5CB3F4210}.Release|Any CPU.Build.0 = Release|Any CPU
	EndGlobalSection
EndGlobal
